
Microsoft Visual Studio Solution File, Format Version 12.00
# Visual Studio Version 16
VisualStudioVersion = 16.0.30717.126
MinimumVisualStudioVersion = 10.0.40219.1
Project("{9A19103F-16F7-4668-BE54-9A1E7A4F7556}") = "CoreTestConsoleApp", "CoreTestConsoleApp\CoreTestConsoleApp.csproj", "{26AE31CF-389C-47A4-A0B4-E74C9F3DD02C}"
EndProject
Project("{9A19103F-16F7-4668-BE54-9A1E7A4F7556}") = "ESJZoneReptile", "ESJZoneReptile\ESJZoneReptile.csproj", "{71263AB5-ADF6-41CE-AA4C-0031F47C2C03}"
EndProject
Project("{9A19103F-16F7-4668-BE54-9A1E7A4F7556}") = "NTPWebClimb", "NTPWebClimb\NTPWebClimb.csproj", "{095FD93F-CD56-4BCE-97BC-B30D8F4DB436}"
EndProject
Project("{9A19103F-16F7-4668-BE54-9A1E7A4F7556}") = "CreateSqlScript", "CreateSqlScript\CreateSqlScript.csproj", "{56C5B9AC-BE5F-4244-8B0D-7A4F5C170AAA}"
EndProject
Project("{FAE04EC0-301F-11D3-BF4B-00C04F79EFBC}") = "MaplestoryJanKenPon", "MaplestoryJanKenPon\MaplestoryJanKenPon.csproj", "{0BBD9365-DFFD-4C8A-A431-770AAEE51A35}"
EndProject
Project("{FAE04EC0-301F-11D3-BF4B-00C04F79EFBC}") = "NTPBulletinClimb", "NTPBulletinClimb\NTPBulletinClimb.csproj", "{0620EA90-B6D0-4364-97E4-E6B4DD8118C0}"
EndProject
Global
	GlobalSection(SolutionConfigurationPlatforms) = preSolution
		Debug|Any CPU = Debug|Any CPU
		Release|Any CPU = Release|Any CPU
	EndGlobalSection
	GlobalSection(ProjectConfigurationPlatforms) = postSolution
		{26AE31CF-389C-47A4-A0B4-E74C9F3DD02C}.Debug|Any CPU.ActiveCfg = Debug|Any CPU
		{26AE31CF-389C-47A4-A0B4-E74C9F3DD02C}.Debug|Any CPU.Build.0 = Debug|Any CPU
		{26AE31CF-389C-47A4-A0B4-E74C9F3DD02C}.Release|Any CPU.ActiveCfg = Release|Any CPU
		{26AE31CF-389C-47A4-A0B4-E74C9F3DD02C}.Release|Any CPU.Build.0 = Release|Any CPU
		{71263AB5-ADF6-41CE-AA4C-0031F47C2C03}.Debug|Any CPU.ActiveCfg = Debug|Any CPU
		{71263AB5-ADF6-41CE-AA4C-0031F47C2C03}.Debug|Any CPU.Build.0 = Debug|Any CPU
		{71263AB5-ADF6-41CE-AA4C-0031F47C2C03}.Release|Any CPU.ActiveCfg = Release|Any CPU
		{71263AB5-ADF6-41CE-AA4C-0031F47C2C03}.Release|Any CPU.Build.0 = Release|Any CPU
		{095FD93F-CD56-4BCE-97BC-B30D8F4DB436}.Debug|Any CPU.ActiveCfg = Debug|Any CPU
		{095FD93F-CD56-4BCE-97BC-B30D8F4DB436}.Debug|Any CPU.Build.0 = Debug|Any CPU
		{095FD93F-CD56-4BCE-97BC-B30D8F4DB436}.Release|Any CPU.ActiveCfg = Release|Any CPU
		{095FD93F-CD56-4BCE-97BC-B30D8F4DB436}.Release|Any CPU.Build.0 = Release|Any CPU
		{56C5B9AC-BE5F-4244-8B0D-7A4F5C170AAA}.Debug|Any CPU.ActiveCfg = Debug|Any CPU
		{56C5B9AC-BE5F-4244-8B0D-7A4F5C170AAA}.Debug|Any CPU.Build.0 = Debug|Any CPU
		{56C5B9AC-BE5F-4244-8B0D-7A4F5C170AAA}.Release|Any CPU.ActiveCfg = Release|Any CPU
		{56C5B9AC-BE5F-4244-8B0D-7A4F5C170AAA}.Release|Any CPU.Build.0 = Release|Any CPU
		{0BBD9365-DFFD-4C8A-A431-770AAEE51A35}.Debug|Any CPU.ActiveCfg = Debug|Any CPU
		{0BBD9365-DFFD-4C8A-A431-770AAEE51A35}.Debug|Any CPU.Build.0 = Debug|Any CPU
		{0BBD9365-DFFD-4C8A-A431-770AAEE51A35}.Release|Any CPU.ActiveCfg = Release|Any CPU
		{0BBD9365-DFFD-4C8A-A431-770AAEE51A35}.Release|Any CPU.Build.0 = Release|Any CPU
		{0620EA90-B6D0-4364-97E4-E6B4DD8118C0}.Debug|Any CPU.ActiveCfg = Debug|Any CPU
		{0620EA90-B6D0-4364-97E4-E6B4DD8118C0}.Debug|Any CPU.Build.0 = Debug|Any CPU
		{0620EA90-B6D0-4364-97E4-E6B4DD8118C0}.Release|Any CPU.ActiveCfg = Release|Any CPU
		{0620EA90-B6D0-4364-97E4-E6B4DD8118C0}.Release|Any CPU.Build.0 = Release|Any CPU
	EndGlobalSection
	GlobalSection(SolutionProperties) = preSolution
		HideSolutionNode = FALSE
	EndGlobalSection
	GlobalSection(ExtensibilityGlobals) = postSolution
		SolutionGuid = {21BD3F4D-7A42-43DF-959D-9400BCFA8719}
	EndGlobalSection
EndGlobal
